{
  "requires": true,
  "lockfileVersion": 1,
  "dependencies": {
    "http-vue-loader": {
      "version": "1.4.2",
      "resolved": "https://registry.npmjs.org/http-vue-loader/-/http-vue-loader-1.4.2.tgz",
      "integrity": "sha512-2a74yfhaMbWv3rVHDGeZFddtIatgzMDiko67u9FHDMIhL3NNEMQNRw1cgyya/Kz8UFKINpb0y+FiImckVQ0RXw=="
    }
  }
}
